
Microsoft Visual Studio Solution File, Format Version 12.00
# Visual Studio Version 17
VisualStudioVersion = 17.7.34221.43
MinimumVisualStudioVersion = 10.0.40219.1
Project("{9A19103F-16F7-4668-BE54-9A1E7A4F7556}") = "Abstraction", "Abstraction\Abstraction.csproj", "{94833F7F-1958-4711-B842-BB0C1A807A55}"
EndProject
Project("{9A19103F-16F7-4668-BE54-9A1E7A4F7556}") = "Encapsulation", "Encapsulation\Encapsulation.csproj", "{DD35220B-E138-47FD-9D2A-E995F4E3B297}"
EndProject
Project("{9A19103F-16F7-4668-BE54-9A1E7A4F7556}") = "Inheritance", "Inheritance\Inheritance.csproj", "{20F661DD-B600-43C7-9357-B16E52F4E9CC}"
EndProject
Project("{9A19103F-16F7-4668-BE54-9A1E7A4F7556}") = "Polymorphism", "Polymorphism\Polymorphism.csproj", "{C9FDA55D-FF03-4299-A359-70FC2A0BB05D}"
EndProject
Global
	GlobalSection(SolutionConfigurationPlatforms) = preSolution
		Debug|Any CPU = Debug|Any CPU
		Release|Any CPU = Release|Any CPU
	EndGlobalSection
	GlobalSection(ProjectConfigurationPlatforms) = postSolution
		{94833F7F-1958-4711-B842-BB0C1A807A55}.Debug|Any CPU.ActiveCfg = Debug|Any CPU
		{94833F7F-1958-4711-B842-BB0C1A807A55}.Debug|Any CPU.Build.0 = Debug|Any CPU
		{94833F7F-1958-4711-B842-BB0C1A807A55}.Release|Any CPU.ActiveCfg = Release|Any CPU
		{94833F7F-1958-4711-B842-BB0C1A807A55}.Release|Any CPU.Build.0 = Release|Any CPU
		{DD35220B-E138-47FD-9D2A-E995F4E3B297}.Debug|Any CPU.ActiveCfg = Debug|Any CPU
		{DD35220B-E138-47FD-9D2A-E995F4E3B297}.Debug|Any CPU.Build.0 = Debug|Any CPU
		{DD35220B-E138-47FD-9D2A-E995F4E3B297}.Release|Any CPU.ActiveCfg = Release|Any CPU
		{DD35220B-E138-47FD-9D2A-E995F4E3B297}.Release|Any CPU.Build.0 = Release|Any CPU
		{20F661DD-B600-43C7-9357-B16E52F4E9CC}.Debug|Any CPU.ActiveCfg = Debug|Any CPU
		{20F661DD-B600-43C7-9357-B16E52F4E9CC}.Debug|Any CPU.Build.0 = Debug|Any CPU
		{20F661DD-B600-43C7-9357-B16E52F4E9CC}.Release|Any CPU.ActiveCfg = Release|Any CPU
		{20F661DD-B600-43C7-9357-B16E52F4E9CC}.Release|Any CPU.Build.0 = Release|Any CPU
		{C9FDA55D-FF03-4299-A359-70FC2A0BB05D}.Debug|Any CPU.ActiveCfg = Debug|Any CPU
		{C9FDA55D-FF03-4299-A359-70FC2A0BB05D}.Debug|Any CPU.Build.0 = Debug|Any CPU
		{C9FDA55D-FF03-4299-A359-70FC2A0BB05D}.Release|Any CPU.ActiveCfg = Release|Any CPU
		{C9FDA55D-FF03-4299-A359-70FC2A0BB05D}.Release|Any CPU.Build.0 = Release|Any CPU
	EndGlobalSection
	GlobalSection(SolutionProperties) = preSolution
		HideSolutionNode = FALSE
	EndGlobalSection
	GlobalSection(ExtensibilityGlobals) = postSolution
		SolutionGuid = {7012A08B-F6EA-4945-8611-1C8FC90A2FE0}
	EndGlobalSection
EndGlobal
