
Microsoft Visual Studio Solution File, Format Version 12.00
# Visual Studio Version 17
VisualStudioVersion = 17.7.34221.43
MinimumVisualStudioVersion = 10.0.40219.1
Project("{9A19103F-16F7-4668-BE54-9A1E7A4F7556}") = "PageObjectSimple", "SeleniumAdvanced\PageObjectSimple.csproj", "{97CEB2E4-C0CB-4EEA-A029-40C00ABF518B}"
EndProject
Project("{9A19103F-16F7-4668-BE54-9A1E7A4F7556}") = "SauceDemo", "SauceDemo\SauceDemo.csproj", "{2E8D8F3A-90AA-4943-ADCA-6A2E618678BA}"
EndProject
Global
	GlobalSection(SolutionConfigurationPlatforms) = preSolution
		Debug|Any CPU = Debug|Any CPU
		Release|Any CPU = Release|Any CPU
	EndGlobalSection
	GlobalSection(ProjectConfigurationPlatforms) = postSolution
		{97CEB2E4-C0CB-4EEA-A029-40C00ABF518B}.Debug|Any CPU.ActiveCfg = Debug|Any CPU
		{97CEB2E4-C0CB-4EEA-A029-40C00ABF518B}.Debug|Any CPU.Build.0 = Debug|Any CPU
		{97CEB2E4-C0CB-4EEA-A029-40C00ABF518B}.Release|Any CPU.ActiveCfg = Release|Any CPU
		{97CEB2E4-C0CB-4EEA-A029-40C00ABF518B}.Release|Any CPU.Build.0 = Release|Any CPU
		{2E8D8F3A-90AA-4943-ADCA-6A2E618678BA}.Debug|Any CPU.ActiveCfg = Debug|Any CPU
		{2E8D8F3A-90AA-4943-ADCA-6A2E618678BA}.Debug|Any CPU.Build.0 = Debug|Any CPU
		{2E8D8F3A-90AA-4943-ADCA-6A2E618678BA}.Release|Any CPU.ActiveCfg = Release|Any CPU
		{2E8D8F3A-90AA-4943-ADCA-6A2E618678BA}.Release|Any CPU.Build.0 = Release|Any CPU
	EndGlobalSection
	GlobalSection(SolutionProperties) = preSolution
		HideSolutionNode = FALSE
	EndGlobalSection
	GlobalSection(ExtensibilityGlobals) = postSolution
		SolutionGuid = {7012A08B-F6EA-4945-8611-1C8FC90A2FE0}
	EndGlobalSection
EndGlobal
